// !$*UTF8*$!
{
	archiveVersion = 1;
	classes = {
	};
	objectVersion = 46;
	objects = {

/* Begin PBXBuildFile section */
		2FEC9F065A6F0B67E7B26400 /* libPods-RedditClient.a in Frameworks */ = {isa = PBXBuildFile; fileRef = 3714B522055AAF22F9816DC6 /* libPods-RedditClient.a */; };
		6BA32CCCEA88324E389288D9 /* libPods-RedditClientTests.a in Frameworks */ = {isa = PBXBuildFile; fileRef = 9EC1485140D681497824E5DE /* libPods-RedditClientTests.a */; };
		6F1DAFC31D55353F00BF37CD /* RCLinksTableViewCell.m in Sources */ = {isa = PBXBuildFile; fileRef = 6F1DAFC21D55353F00BF37CD /* RCLinksTableViewCell.m */; };
		6F1DAFC91D55426100BF37CD /* RCLinksModel.m in Sources */ = {isa = PBXBuildFile; fileRef = 6F1DAFC81D55426100BF37CD /* RCLinksModel.m */; };
		6F66740A1D54AFD300066F93 /* main.m in Sources */ = {isa = PBXBuildFile; fileRef = 6F6674091D54AFD300066F93 /* main.m */; };
		6F66740D1D54AFD300066F93 /* AppDelegate.m in Sources */ = {isa = PBXBuildFile; fileRef = 6F66740C1D54AFD300066F93 /* AppDelegate.m */; };
		6F6674101D54AFD300066F93 /* RCLinksListViewController.m in Sources */ = {isa = PBXBuildFile; fileRef = 6F66740F1D54AFD300066F93 /* RCLinksListViewController.m */; };
		6F6674131D54AFD300066F93 /* Main.storyboard in Resources */ = {isa = PBXBuildFile; fileRef = 6F6674111D54AFD300066F93 /* Main.storyboard */; };
		6F6674151D54AFD400066F93 /* Assets.xcassets in Resources */ = {isa = PBXBuildFile; fileRef = 6F6674141D54AFD400066F93 /* Assets.xcassets */; };
		6F6674231D54AFD400066F93 /* RedditClientTests.m in Sources */ = {isa = PBXBuildFile; fileRef = 6F6674221D54AFD400066F93 /* RedditClientTests.m */; };
/* End PBXBuildFile section */

/* Begin PBXContainerItemProxy section */
		6F66741F1D54AFD400066F93 /* PBXContainerItemProxy */ = {
			isa = PBXContainerItemProxy;
			containerPortal = 6F6673FD1D54AFD300066F93 /* Project object */;
			proxyType = 1;
			remoteGlobalIDString = 6F6674041D54AFD300066F93;
			remoteInfo = RedditClient;
		};
/* End PBXContainerItemProxy section */

/* Begin PBXFileReference section */
		02D535AD63B89F789FE39725 /* Pods-RedditClientTests.release.xcconfig */ = {isa = PBXFileReference; includeInIndex = 1; lastKnownFileType = text.xcconfig; name = "Pods-RedditClientTests.release.xcconfig"; path = "Pods/Target Support Files/Pods-RedditClientTests/Pods-RedditClientTests.release.xcconfig"; sourceTree = "<group>"; };
		3714B522055AAF22F9816DC6 /* libPods-RedditClient.a */ = {isa = PBXFileReference; explicitFileType = archive.ar; includeInIndex = 0; path = "libPods-RedditClient.a"; sourceTree = BUILT_PRODUCTS_DIR; };
		6F1DAFC11D55353F00BF37CD /* RCLinksTableViewCell.h */ = {isa = PBXFileReference; fileEncoding = 4; lastKnownFileType = sourcecode.c.h; path = RCLinksTableViewCell.h; sourceTree = "<group>"; };
		6F1DAFC21D55353F00BF37CD /* RCLinksTableViewCell.m */ = {isa = PBXFileReference; fileEncoding = 4; lastKnownFileType = sourcecode.c.objc; path = RCLinksTableViewCell.m; sourceTree = "<group>"; };
		6F1DAFC71D55426100BF37CD /* RCLinksModel.h */ = {isa = PBXFileReference; fileEncoding = 4; lastKnownFileType = sourcecode.c.h; path = RCLinksModel.h; sourceTree = "<group>"; };
		6F1DAFC81D55426100BF37CD /* RCLinksModel.m */ = {isa = PBXFileReference; fileEncoding = 4; lastKnownFileType = sourcecode.c.objc; path = RCLinksModel.m; sourceTree = "<group>"; };
		6F6674051D54AFD300066F93 /* RedditClient.app */ = {isa = PBXFileReference; explicitFileType = wrapper.application; includeInIndex = 0; path = RedditClient.app; sourceTree = BUILT_PRODUCTS_DIR; };
		6F6674091D54AFD300066F93 /* main.m */ = {isa = PBXFileReference; lastKnownFileType = sourcecode.c.objc; path = main.m; sourceTree = "<group>"; };
		6F66740B1D54AFD300066F93 /* AppDelegate.h */ = {isa = PBXFileReference; lastKnownFileType = sourcecode.c.h; path = AppDelegate.h; sourceTree = "<group>"; };
		6F66740C1D54AFD300066F93 /* AppDelegate.m */ = {isa = PBXFileReference; lastKnownFileType = sourcecode.c.objc; path = AppDelegate.m; sourceTree = "<group>"; };
		6F66740E1D54AFD300066F93 /* RCLinksListViewController.h */ = {isa = PBXFileReference; lastKnownFileType = sourcecode.c.h; path = RCLinksListViewController.h; sourceTree = "<group>"; };
		6F66740F1D54AFD300066F93 /* RCLinksListViewController.m */ = {isa = PBXFileReference; lastKnownFileType = sourcecode.c.objc; path = RCLinksListViewController.m; sourceTree = "<group>"; };
		6F6674121D54AFD300066F93 /* Base */ = {isa = PBXFileReference; lastKnownFileType = file.storyboard; name = Base; path = Base.lproj/Main.storyboard; sourceTree = "<group>"; };
		6F6674141D54AFD400066F93 /* Assets.xcassets */ = {isa = PBXFileReference; lastKnownFileType = folder.assetcatalog; path = Assets.xcassets; sourceTree = "<group>"; };
		6F6674191D54AFD400066F93 /* Info.plist */ = {isa = PBXFileReference; lastKnownFileType = text.plist.xml; path = Info.plist; sourceTree = "<group>"; };
		6F66741E1D54AFD400066F93 /* RedditClientTests.xctest */ = {isa = PBXFileReference; explicitFileType = wrapper.cfbundle; includeInIndex = 0; path = RedditClientTests.xctest; sourceTree = BUILT_PRODUCTS_DIR; };
		6F6674221D54AFD400066F93 /* RedditClientTests.m */ = {isa = PBXFileReference; lastKnownFileType = sourcecode.c.objc; path = RedditClientTests.m; sourceTree = "<group>"; };
		6F6674241D54AFD400066F93 /* Info.plist */ = {isa = PBXFileReference; lastKnownFileType = text.plist.xml; path = Info.plist; sourceTree = "<group>"; };
		9EC1485140D681497824E5DE /* libPods-RedditClientTests.a */ = {isa = PBXFileReference; explicitFileType = archive.ar; includeInIndex = 0; path = "libPods-RedditClientTests.a"; sourceTree = BUILT_PRODUCTS_DIR; };
		A71619820AE087315B46F42E /* Pods-RedditClientTests.debug.xcconfig */ = {isa = PBXFileReference; includeInIndex = 1; lastKnownFileType = text.xcconfig; name = "Pods-RedditClientTests.debug.xcconfig"; path = "Pods/Target Support Files/Pods-RedditClientTests/Pods-RedditClientTests.debug.xcconfig"; sourceTree = "<group>"; };
		C4ED8D7D9F708E07CB65B8F7 /* Pods-RedditClient.debug.xcconfig */ = {isa = PBXFileReference; includeInIndex = 1; lastKnownFileType = text.xcconfig; name = "Pods-RedditClient.debug.xcconfig"; path = "Pods/Target Support Files/Pods-RedditClient/Pods-RedditClient.debug.xcconfig"; sourceTree = "<group>"; };
		EF4370C8FEB7B686C6FABEE8 /* Pods-RedditClient.release.xcconfig */ = {isa = PBXFileReference; includeInIndex = 1; lastKnownFileType = text.xcconfig; name = "Pods-RedditClient.release.xcconfig"; path = "Pods/Target Support Files/Pods-RedditClient/Pods-RedditClient.release.xcconfig"; sourceTree = "<group>"; };
/* End PBXFileReference section */

/* Begin PBXFrameworksBuildPhase section */
		6F6674021D54AFD300066F93 /* Frameworks */ = {
			isa = PBXFrameworksBuildPhase;
			buildActionMask = 2147483647;
			files = (
				2FEC9F065A6F0B67E7B26400 /* libPods-RedditClient.a in Frameworks */,
			);
			runOnlyForDeploymentPostprocessing = 0;
		};
		6F66741B1D54AFD400066F93 /* Frameworks */ = {
			isa = PBXFrameworksBuildPhase;
			buildActionMask = 2147483647;
			files = (
				6BA32CCCEA88324E389288D9 /* libPods-RedditClientTests.a in Frameworks */,
			);
			runOnlyForDeploymentPostprocessing = 0;
		};
/* End PBXFrameworksBuildPhase section */

/* Begin PBXGroup section */
		229CE6737CE4AE61ECE165BE /* Frameworks */ = {
			isa = PBXGroup;
			children = (
				3714B522055AAF22F9816DC6 /* libPods-RedditClient.a */,
				9EC1485140D681497824E5DE /* libPods-RedditClientTests.a */,
			);
			name = Frameworks;
			sourceTree = "<group>";
		};
		2776CCAEA8522E6C2CECA035 /* Pods */ = {
			isa = PBXGroup;
			children = (
				C4ED8D7D9F708E07CB65B8F7 /* Pods-RedditClient.debug.xcconfig */,
				EF4370C8FEB7B686C6FABEE8 /* Pods-RedditClient.release.xcconfig */,
				A71619820AE087315B46F42E /* Pods-RedditClientTests.debug.xcconfig */,
				02D535AD63B89F789FE39725 /* Pods-RedditClientTests.release.xcconfig */,
			);
			name = Pods;
			sourceTree = "<group>";
		};
		6F1DAFC41D55354E00BF37CD /* controller */ = {
			isa = PBXGroup;
			children = (
				6F66740E1D54AFD300066F93 /* RCLinksListViewController.h */,
				6F66740F1D54AFD300066F93 /* RCLinksListViewController.m */,
			);
			path = controller;
			sourceTree = "<group>";
		};
		6F1DAFC51D55355800BF37CD /* view */ = {
			isa = PBXGroup;
			children = (
				6F6674111D54AFD300066F93 /* Main.storyboard */,
				6F1DAFC11D55353F00BF37CD /* RCLinksTableViewCell.h */,
				6F1DAFC21D55353F00BF37CD /* RCLinksTableViewCell.m */,
			);
			path = view;
			sourceTree = "<group>";
		};
		6F1DAFC61D55424600BF37CD /* model */ = {
			isa = PBXGroup;
			children = (
				6F1DAFC71D55426100BF37CD /* RCLinksModel.h */,
				6F1DAFC81D55426100BF37CD /* RCLinksModel.m */,
			);
			path = model;
			sourceTree = "<group>";
		};
		6F6673FC1D54AFD300066F93 = {
			isa = PBXGroup;
			children = (
				229CE6737CE4AE61ECE165BE /* Frameworks */,
				2776CCAEA8522E6C2CECA035 /* Pods */,
				6F6674061D54AFD300066F93 /* Products */,
				6F6674071D54AFD300066F93 /* RedditClient */,
				6F6674211D54AFD400066F93 /* RedditClientTests */,
			);
			sourceTree = "<group>";
		};
		6F6674061D54AFD300066F93 /* Products */ = {
			isa = PBXGroup;
			children = (
				6F6674051D54AFD300066F93 /* RedditClient.app */,
				6F66741E1D54AFD400066F93 /* RedditClientTests.xctest */,
			);
			name = Products;
			sourceTree = "<group>";
		};
		6F6674071D54AFD300066F93 /* RedditClient */ = {
			isa = PBXGroup;
			children = (
				6F6674081D54AFD300066F93 /* Supporting Files */,
				6F1DAFC41D55354E00BF37CD /* controller */,
				6F1DAFC61D55424600BF37CD /* model */,
				6F1DAFC51D55355800BF37CD /* view */,
				6F66740B1D54AFD300066F93 /* AppDelegate.h */,
				6F66740C1D54AFD300066F93 /* AppDelegate.m */,
				6F6674141D54AFD400066F93 /* Assets.xcassets */,
				6F6674191D54AFD400066F93 /* Info.plist */,
			);
			path = RedditClient;
			sourceTree = "<group>";
		};
		6F6674081D54AFD300066F93 /* Supporting Files */ = {
			isa = PBXGroup;
			children = (
				6F6674091D54AFD300066F93 /* main.m */,
			);
			path = "Supporting Files";
			sourceTree = "<group>";
		};
		6F6674211D54AFD400066F93 /* RedditClientTests */ = {
			isa = PBXGroup;
			children = (
				6F6674241D54AFD400066F93 /* Info.plist */,
				6F6674221D54AFD400066F93 /* RedditClientTests.m */,
			);
			path = RedditClientTests;
			sourceTree = "<group>";
		};
/* End PBXGroup section */

/* Begin PBXNativeTarget section */
		6F6674041D54AFD300066F93 /* RedditClient */ = {
			isa = PBXNativeTarget;
			buildConfigurationList = 6F6674271D54AFD400066F93 /* Build configuration list for PBXNativeTarget "RedditClient" */;
			buildPhases = (
				94917694CA4DADDEFBF4D42B /* [CP] Check Pods Manifest.lock */,
				6F6674011D54AFD300066F93 /* Sources */,
				6F6674021D54AFD300066F93 /* Frameworks */,
				6F6674031D54AFD300066F93 /* Resources */,
				2D06AEDE0607537A89BB6071 /* [CP] Embed Pods Frameworks */,
				CE66BED282A06411BDB7B423 /* [CP] Copy Pods Resources */,
			);
			buildRules = (
			);
			dependencies = (
			);
			name = RedditClient;
			productName = RedditClient;
			productReference = 6F6674051D54AFD300066F93 /* RedditClient.app */;
			productType = "com.apple.product-type.application";
		};
		6F66741D1D54AFD400066F93 /* RedditClientTests */ = {
			isa = PBXNativeTarget;
			buildConfigurationList = 6F66742A1D54AFD400066F93 /* Build configuration list for PBXNativeTarget "RedditClientTests" */;
			buildPhases = (
				3850EAC5EF54E3B2B951A881 /* [CP] Check Pods Manifest.lock */,
				6F66741A1D54AFD400066F93 /* Sources */,
				6F66741B1D54AFD400066F93 /* Frameworks */,
				6F66741C1D54AFD400066F93 /* Resources */,
				37E78A11CA0C27932C71C98E /* [CP] Embed Pods Frameworks */,
				F2EA970EF5EFE03F04A26406 /* [CP] Copy Pods Resources */,
			);
			buildRules = (
			);
			dependencies = (
				6F6674201D54AFD400066F93 /* PBXTargetDependency */,
			);
			name = RedditClientTests;
			productName = RedditClientTests;
			productReference = 6F66741E1D54AFD400066F93 /* RedditClientTests.xctest */;
			productType = "com.apple.product-type.bundle.unit-test";
		};
/* End PBXNativeTarget section */

/* Begin PBXProject section */
		6F6673FD1D54AFD300066F93 /* Project object */ = {
			isa = PBXProject;
			attributes = {
				LastUpgradeCheck = 0730;
				ORGANIZATIONNAME = "Orest Savchak";
				TargetAttributes = {
					6F6674041D54AFD300066F93 = {
						CreatedOnToolsVersion = 7.3.1;
						DevelopmentTeam = 5XD524W29J;
					};
					6F66741D1D54AFD400066F93 = {
						CreatedOnToolsVersion = 7.3.1;
						TestTargetID = 6F6674041D54AFD300066F93;
					};
				};
			};
			buildConfigurationList = 6F6674001D54AFD300066F93 /* Build configuration list for PBXProject "RedditClient" */;
			compatibilityVersion = "Xcode 3.2";
			developmentRegion = English;
			hasScannedForEncodings = 0;
			knownRegions = (
				en,
				Base,
			);
			mainGroup = 6F6673FC1D54AFD300066F93;
			productRefGroup = 6F6674061D54AFD300066F93 /* Products */;
			projectDirPath = "";
			projectRoot = "";
			targets = (
				6F6674041D54AFD300066F93 /* RedditClient */,
				6F66741D1D54AFD400066F93 /* RedditClientTests */,
			);
		};
/* End PBXProject section */

/* Begin PBXResourcesBuildPhase section */
		6F6674031D54AFD300066F93 /* Resources */ = {
			isa = PBXResourcesBuildPhase;
			buildActionMask = 2147483647;
			files = (
				6F6674151D54AFD400066F93 /* Assets.xcassets in Resources */,
				6F6674131D54AFD300066F93 /* Main.storyboard in Resources */,
			);
			runOnlyForDeploymentPostprocessing = 0;
		};
		6F66741C1D54AFD400066F93 /* Resources */ = {
			isa = PBXResourcesBuildPhase;
			buildActionMask = 2147483647;
			files = (
			);
			runOnlyForDeploymentPostprocessing = 0;
		};
/* End PBXResourcesBuildPhase section */

/* Begin PBXShellScriptBuildPhase section */
		2D06AEDE0607537A89BB6071 /* [CP] Embed Pods Frameworks */ = {
			isa = PBXShellScriptBuildPhase;
			buildActionMask = 2147483647;
			files = (
			);
			inputPaths = (
			);
			name = "[CP] Embed Pods Frameworks";
			outputPaths = (
			);
			runOnlyForDeploymentPostprocessing = 0;
			shellPath = /bin/sh;
			shellScript = "\"${SRCROOT}/Pods/Target Support Files/Pods-RedditClient/Pods-RedditClient-frameworks.sh\"\n";
			showEnvVarsInLog = 0;
		};
		37E78A11CA0C27932C71C98E /* [CP] Embed Pods Frameworks */ = {
			isa = PBXShellScriptBuildPhase;
			buildActionMask = 2147483647;
			files = (
			);
			inputPaths = (
			);
			name = "[CP] Embed Pods Frameworks";
			outputPaths = (
			);
			runOnlyForDeploymentPostprocessing = 0;
			shellPath = /bin/sh;
			shellScript = "\"${SRCROOT}/Pods/Target Support Files/Pods-RedditClientTests/Pods-RedditClientTests-frameworks.sh\"\n";
			showEnvVarsInLog = 0;
		};
		3850EAC5EF54E3B2B951A881 /* [CP] Check Pods Manifest.lock */ = {
			isa = PBXShellScriptBuildPhase;
			buildActionMask = 2147483647;
			files = (
			);
			inputPaths = (
			);
			name = "[CP] Check Pods Manifest.lock";
			outputPaths = (
			);
			runOnlyForDeploymentPostprocessing = 0;
			shellPath = /bin/sh;
			shellScript = "diff \"${PODS_ROOT}/../Podfile.lock\" \"${PODS_ROOT}/Manifest.lock\" > /dev/null\nif [[ $? != 0 ]] ; then\n    cat << EOM\nerror: The sandbox is not in sync with the Podfile.lock. Run 'pod install' or update your CocoaPods installation.\nEOM\n    exit 1\nfi\n";
			showEnvVarsInLog = 0;
		};
		94917694CA4DADDEFBF4D42B /* [CP] Check Pods Manifest.lock */ = {
			isa = PBXShellScriptBuildPhase;
			buildActionMask = 2147483647;
			files = (
			);
			inputPaths = (
			);
			name = "[CP] Check Pods Manifest.lock";
			outputPaths = (
			);
			runOnlyForDeploymentPostprocessing = 0;
			shellPath = /bin/sh;
			shellScript = "diff \"${PODS_ROOT}/../Podfile.lock\" \"${PODS_ROOT}/Manifest.lock\" > /dev/null\nif [[ $? != 0 ]] ; then\n    cat << EOM\nerror: The sandbox is not in sync with the Podfile.lock. Run 'pod install' or update your CocoaPods installation.\nEOM\n    exit 1\nfi\n";
			showEnvVarsInLog = 0;
		};
		CE66BED282A06411BDB7B423 /* [CP] Copy Pods Resources */ = {
			isa = PBXShellScriptBuildPhase;
			buildActionMask = 2147483647;
			files = (
			);
			inputPaths = (
			);
			name = "[CP] Copy Pods Resources";
			outputPaths = (
			);
			runOnlyForDeploymentPostprocessing = 0;
			shellPath = /bin/sh;
			shellScript = "\"${SRCROOT}/Pods/Target Support Files/Pods-RedditClient/Pods-RedditClient-resources.sh\"\n";
			showEnvVarsInLog = 0;
		};
		F2EA970EF5EFE03F04A26406 /* [CP] Copy Pods Resources */ = {
			isa = PBXShellScriptBuildPhase;
			buildActionMask = 2147483647;
			files = (
			);
			inputPaths = (
			);
			name = "[CP] Copy Pods Resources";
			outputPaths = (
			);
			runOnlyForDeploymentPostprocessing = 0;
			shellPath = /bin/sh;
			shellScript = "\"${SRCROOT}/Pods/Target Support Files/Pods-RedditClientTests/Pods-RedditClientTests-resources.sh\"\n";
			showEnvVarsInLog = 0;
		};
/* End PBXShellScriptBuildPhase section */

/* Begin PBXSourcesBuildPhase section */
		6F6674011D54AFD300066F93 /* Sources */ = {
			isa = PBXSourcesBuildPhase;
			buildActionMask = 2147483647;
			files = (
				6F6674101D54AFD300066F93 /* RCLinksListViewController.m in Sources */,
				6F66740D1D54AFD300066F93 /* AppDelegate.m in Sources */,
				6F1DAFC91D55426100BF37CD /* RCLinksModel.m in Sources */,
				6F1DAFC31D55353F00BF37CD /* RCLinksTableViewCell.m in Sources */,
				6F66740A1D54AFD300066F93 /* main.m in Sources */,
			);
			runOnlyForDeploymentPostprocessing = 0;
		};
		6F66741A1D54AFD400066F93 /* Sources */ = {
			isa = PBXSourcesBuildPhase;
			buildActionMask = 2147483647;
			files = (
				6F6674231D54AFD400066F93 /* RedditClientTests.m in Sources */,
			);
			runOnlyForDeploymentPostprocessing = 0;
		};
/* End PBXSourcesBuildPhase section */

/* Begin PBXTargetDependency section */
		6F6674201D54AFD400066F93 /* PBXTargetDependency */ = {
			isa = PBXTargetDependency;
			target = 6F6674041D54AFD300066F93 /* RedditClient */;
			targetProxy = 6F66741F1D54AFD400066F93 /* PBXContainerItemProxy */;
		};
/* End PBXTargetDependency section */

/* Begin PBXVariantGroup section */
		6F6674111D54AFD300066F93 /* Main.storyboard */ = {
			isa = PBXVariantGroup;
			children = (
				6F6674121D54AFD300066F93 /* Base */,
			);
			name = Main.storyboard;
			path = .;
			sourceTree = "<group>";
		};
/* End PBXVariantGroup section */

/* Begin XCBuildConfiguration section */
		6F6674251D54AFD400066F93 /* Debug */ = {
			isa = XCBuildConfiguration;
			buildSettings = {
				ALWAYS_SEARCH_USER_PATHS = NO;
				CLANG_ANALYZER_NONNULL = YES;
				CLANG_CXX_LANGUAGE_STANDARD = "gnu++0x";
				CLANG_CXX_LIBRARY = "libc++";
				CLANG_ENABLE_MODULES = YES;
				CLANG_ENABLE_OBJC_ARC = YES;
				CLANG_WARN_BOOL_CONVERSION = YES;
				CLANG_WARN_CONSTANT_CONVERSION = YES;
				CLANG_WARN_DIRECT_OBJC_ISA_USAGE = YES_ERROR;
				CLANG_WARN_EMPTY_BODY = YES;
				CLANG_WARN_ENUM_CONVERSION = YES;
				CLANG_WARN_INT_CONVERSION = YES;
				CLANG_WARN_OBJC_ROOT_CLASS = YES_ERROR;
				CLANG_WARN_UNREACHABLE_CODE = YES;
				CLANG_WARN__DUPLICATE_METHOD_MATCH = YES;
				"CODE_SIGN_IDENTITY[sdk=iphoneos*]" = "iPhone Developer";
				COPY_PHASE_STRIP = NO;
				DEBUG_INFORMATION_FORMAT = dwarf;
				ENABLE_STRICT_OBJC_MSGSEND = YES;
				ENABLE_TESTABILITY = YES;
				GCC_C_LANGUAGE_STANDARD = gnu99;
				GCC_DYNAMIC_NO_PIC = NO;
				GCC_NO_COMMON_BLOCKS = YES;
				GCC_OPTIMIZATION_LEVEL = 0;
				GCC_PREPROCESSOR_DEFINITIONS = (
					"DEBUG=1",
					"$(inherited)",
				);
				GCC_WARN_64_TO_32_BIT_CONVERSION = YES;
				GCC_WARN_ABOUT_RETURN_TYPE = YES_ERROR;
				GCC_WARN_UNDECLARED_SELECTOR = YES;
				GCC_WARN_UNINITIALIZED_AUTOS = YES_AGGRESSIVE;
				GCC_WARN_UNUSED_FUNCTION = YES;
				GCC_WARN_UNUSED_VARIABLE = YES;
				IPHONEOS_DEPLOYMENT_TARGET = 9.3;
				MTL_ENABLE_DEBUG_INFO = YES;
				ONLY_ACTIVE_ARCH = YES;
				SDKROOT = iphoneos;
				TARGETED_DEVICE_FAMILY = "1,2";
			};
			name = Debug;
		};
		6F6674261D54AFD400066F93 /* Release */ = {
			isa = XCBuildConfiguration;
			buildSettings = {
				ALWAYS_SEARCH_USER_PATHS = NO;
				CLANG_ANALYZER_NONNULL = YES;
				CLANG_CXX_LANGUAGE_STANDARD = "gnu++0x";
				CLANG_CXX_LIBRARY = "libc++";
				CLANG_ENABLE_MODULES = YES;
				CLANG_ENABLE_OBJC_ARC = YES;
				CLANG_WARN_BOOL_CONVERSION = YES;
				CLANG_WARN_CONSTANT_CONVERSION = YES;
				CLANG_WARN_DIRECT_OBJC_ISA_USAGE = YES_ERROR;
				CLANG_WARN_EMPTY_BODY = YES;
				CLANG_WARN_ENUM_CONVERSION = YES;
				CLANG_WARN_INT_CONVERSION = YES;
				CLANG_WARN_OBJC_ROOT_CLASS = YES_ERROR;
				CLANG_WARN_UNREACHABLE_CODE = YES;
				CLANG_WARN__DUPLICATE_METHOD_MATCH = YES;
				"CODE_SIGN_IDENTITY[sdk=iphoneos*]" = "iPhone Developer";
				COPY_PHASE_STRIP = NO;
				DEBUG_INFORMATION_FORMAT = "dwarf-with-dsym";
				ENABLE_NS_ASSERTIONS = NO;
				ENABLE_STRICT_OBJC_MSGSEND = YES;
				GCC_C_LANGUAGE_STANDARD = gnu99;
				GCC_NO_COMMON_BLOCKS = YES;
				GCC_WARN_64_TO_32_BIT_CONVERSION = YES;
				GCC_WARN_ABOUT_RETURN_TYPE = YES_ERROR;
				GCC_WARN_UNDECLARED_SELECTOR = YES;
				GCC_WARN_UNINITIALIZED_AUTOS = YES_AGGRESSIVE;
				GCC_WARN_UNUSED_FUNCTION = YES;
				GCC_WARN_UNUSED_VARIABLE = YES;
				IPHONEOS_DEPLOYMENT_TARGET = 9.3;
				MTL_ENABLE_DEBUG_INFO = NO;
				SDKROOT = iphoneos;
				TARGETED_DEVICE_FAMILY = "1,2";
				VALIDATE_PRODUCT = YES;
			};
			name = Release;
		};
		6F6674281D54AFD400066F93 /* Debug */ = {
			isa = XCBuildConfiguration;
			baseConfigurationReference = C4ED8D7D9F708E07CB65B8F7 /* Pods-RedditClient.debug.xcconfig */;
			buildSettings = {
				ASSETCATALOG_COMPILER_APPICON_NAME = AppIcon;
				CODE_SIGN_IDENTITY = "iPhone Developer";
				"CODE_SIGN_IDENTITY[sdk=iphoneos*]" = "iPhone Developer";
				INFOPLIST_FILE = RedditClient/Info.plist;
				IPHONEOS_DEPLOYMENT_TARGET = 9.3;
				PRODUCT_BUNDLE_IDENTIFIER = com.coddingchallenge.RedditClient;
				PRODUCT_NAME = "$(TARGET_NAME)";
				PROVISIONING_PROFILE = "";
			};
			name = Debug;
		};
		6F6674291D54AFD400066F93 /* Release */ = {
			isa = XCBuildConfiguration;
			baseConfigurationReference = EF4370C8FEB7B686C6FABEE8 /* Pods-RedditClient.release.xcconfig */;
			buildSettings = {
				ASSETCATALOG_COMPILER_APPICON_NAME = AppIcon;
				CODE_SIGN_IDENTITY = "iPhone Developer";
				"CODE_SIGN_IDENTITY[sdk=iphoneos*]" = "iPhone Developer";
				INFOPLIST_FILE = RedditClient/Info.plist;
				IPHONEOS_DEPLOYMENT_TARGET = 9.3;
				PRODUCT_BUNDLE_IDENTIFIER = com.coddingchallenge.RedditClient;
				PRODUCT_NAME = "$(TARGET_NAME)";
				PROVISIONING_PROFILE = "";
			};
			name = Release;
		};
		6F66742B1D54AFD400066F93 /* Debug */ = {
			isa = XCBuildConfiguration;
			baseConfigurationReference = A71619820AE087315B46F42E /* Pods-RedditClientTests.debug.xcconfig */;
			buildSettings = {
				BUNDLE_LOADER = "$(TEST_HOST)";
				INFOPLIST_FILE = RedditClientTests/Info.plist;
				LD_RUNPATH_SEARCH_PATHS = "$(inherited) @executable_path/Frameworks @loader_path/Frameworks";
				PRODUCT_BUNDLE_IDENTIFIER = com.coddingchallenge.RedditClientTests;
				PRODUCT_NAME = "$(TARGET_NAME)";
				TEST_HOST = "$(BUILT_PRODUCTS_DIR)/RedditClient.app/RedditClient";
			};
			name = Debug;
		};
		6F66742C1D54AFD400066F93 /* Release */ = {
			isa = XCBuildConfiguration;
			baseConfigurationReference = 02D535AD63B89F789FE39725 /* Pods-RedditClientTests.release.xcconfig */;
			buildSettings = {
				BUNDLE_LOADER = "$(TEST_HOST)";
				INFOPLIST_FILE = RedditClientTests/Info.plist;
				LD_RUNPATH_SEARCH_PATHS = "$(inherited) @executable_path/Frameworks @loader_path/Frameworks";
				PRODUCT_BUNDLE_IDENTIFIER = com.coddingchallenge.RedditClientTests;
				PRODUCT_NAME = "$(TARGET_NAME)";
				TEST_HOST = "$(BUILT_PRODUCTS_DIR)/RedditClient.app/RedditClient";
			};
			name = Release;
		};
/* End XCBuildConfiguration section */

/* Begin XCConfigurationList section */
		6F6674001D54AFD300066F93 /* Build configuration list for PBXProject "RedditClient" */ = {
			isa = XCConfigurationList;
			buildConfigurations = (
				6F6674251D54AFD400066F93 /* Debug */,
				6F6674261D54AFD400066F93 /* Release */,
			);
			defaultConfigurationIsVisible = 0;
			defaultConfigurationName = Release;
		};
		6F6674271D54AFD400066F93 /* Build configuration list for PBXNativeTarget "RedditClient" */ = {
			isa = XCConfigurationList;
			buildConfigurations = (
				6F6674281D54AFD400066F93 /* Debug */,
				6F6674291D54AFD400066F93 /* Release */,
			);
			defaultConfigurationIsVisible = 0;
			defaultConfigurationName = Release;
		};
		6F66742A1D54AFD400066F93 /* Build configuration list for PBXNativeTarget "RedditClientTests" */ = {
			isa = XCConfigurationList;
			buildConfigurations = (
				6F66742B1D54AFD400066F93 /* Debug */,
				6F66742C1D54AFD400066F93 /* Release */,
			);
			defaultConfigurationIsVisible = 0;
			defaultConfigurationName = Release;
		};
/* End XCConfigurationList section */
	};
	rootObject = 6F6673FD1D54AFD300066F93 /* Project object */;
}
